
Microsoft Visual Studio Solution File, Format Version 12.00
# Visual Studio Version 16
VisualStudioVersion = 16.0.30320.27
MinimumVisualStudioVersion = 10.0.40219.1
Project("{9A19103F-16F7-4668-BE54-9A1E7A4F7556}") = "DiscordWeb", "DiscordWeb\DiscordWeb.csproj", "{8882F154-C7CA-4B61-9912-E938D80E957D}"
EndProject
Project("{9A19103F-16F7-4668-BE54-9A1E7A4F7556}") = "DiscordBot", "DiscordBot\DiscordBot.csproj", "{C58ED134-C993-4661-BDBF-C54A54E5091B}"
EndProject
Global
	GlobalSection(SolutionConfigurationPlatforms) = preSolution
		Debug|Any CPU = Debug|Any CPU
		Release|Any CPU = Release|Any CPU
	EndGlobalSection
	GlobalSection(ProjectConfigurationPlatforms) = postSolution
		{8882F154-C7CA-4B61-9912-E938D80E957D}.Debug|Any CPU.ActiveCfg = Debug|Any CPU
		{8882F154-C7CA-4B61-9912-E938D80E957D}.Debug|Any CPU.Build.0 = Debug|Any CPU
		{8882F154-C7CA-4B61-9912-E938D80E957D}.Release|Any CPU.ActiveCfg = Release|Any CPU
		{8882F154-C7CA-4B61-9912-E938D80E957D}.Release|Any CPU.Build.0 = Release|Any CPU
		{C58ED134-C993-4661-BDBF-C54A54E5091B}.Debug|Any CPU.ActiveCfg = Debug|Any CPU
		{C58ED134-C993-4661-BDBF-C54A54E5091B}.Debug|Any CPU.Build.0 = Debug|Any CPU
		{C58ED134-C993-4661-BDBF-C54A54E5091B}.Release|Any CPU.ActiveCfg = Release|Any CPU
		{C58ED134-C993-4661-BDBF-C54A54E5091B}.Release|Any CPU.Build.0 = Release|Any CPU
	EndGlobalSection
	GlobalSection(SolutionProperties) = preSolution
		HideSolutionNode = FALSE
	EndGlobalSection
	GlobalSection(ExtensibilityGlobals) = postSolution
		SolutionGuid = {487FD4E3-92DE-41A2-9688-33FCCC10F573}
	EndGlobalSection
EndGlobal
